
Microsoft Visual Studio Solution File, Format Version 11.00
# Visual Studio 2010
Project("{FAE04EC0-301F-11D3-BF4B-00C04F79EFBC}") = "RedTail-Console", "RedTail-Console.csproj", "{6EC80DD1-A95D-4910-A9E9-D23F95C6D7A1}"
EndProject
Project("{FAE04EC0-301F-11D3-BF4B-00C04F79EFBC}") = "RedTailLib", "..\RedTailLib\RedTailLib.csproj", "{AB4EB6A9-4163-46F9-B3A2-F7C8901F8054}"
EndProject
Global
	GlobalSection(SolutionConfigurationPlatforms) = preSolution
		Debug|Any CPU = Debug|Any CPU
		Debug|Mixed Platforms = Debug|Mixed Platforms
		Debug|x86 = Debug|x86
		Release|Any CPU = Release|Any CPU
		Release|Mixed Platforms = Release|Mixed Platforms
		Release|x86 = Release|x86
	EndGlobalSection
	GlobalSection(ProjectConfigurationPlatforms) = postSolution
		{6EC80DD1-A95D-4910-A9E9-D23F95C6D7A1}.Debug|Any CPU.ActiveCfg = Debug|x86
		{6EC80DD1-A95D-4910-A9E9-D23F95C6D7A1}.Debug|Mixed Platforms.ActiveCfg = Debug|x86
		{6EC80DD1-A95D-4910-A9E9-D23F95C6D7A1}.Debug|Mixed Platforms.Build.0 = Debug|x86
		{6EC80DD1-A95D-4910-A9E9-D23F95C6D7A1}.Debug|x86.ActiveCfg = Debug|x86
		{6EC80DD1-A95D-4910-A9E9-D23F95C6D7A1}.Debug|x86.Build.0 = Debug|x86
		{6EC80DD1-A95D-4910-A9E9-D23F95C6D7A1}.Release|Any CPU.ActiveCfg = Release|x86
		{6EC80DD1-A95D-4910-A9E9-D23F95C6D7A1}.Release|Mixed Platforms.ActiveCfg = Release|x86
		{6EC80DD1-A95D-4910-A9E9-D23F95C6D7A1}.Release|Mixed Platforms.Build.0 = Release|x86
		{6EC80DD1-A95D-4910-A9E9-D23F95C6D7A1}.Release|x86.ActiveCfg = Release|x86
		{6EC80DD1-A95D-4910-A9E9-D23F95C6D7A1}.Release|x86.Build.0 = Release|x86
		{AB4EB6A9-4163-46F9-B3A2-F7C8901F8054}.Debug|Any CPU.ActiveCfg = Debug|Any CPU
		{AB4EB6A9-4163-46F9-B3A2-F7C8901F8054}.Debug|Any CPU.Build.0 = Debug|Any CPU
		{AB4EB6A9-4163-46F9-B3A2-F7C8901F8054}.Debug|Mixed Platforms.ActiveCfg = Debug|Any CPU
		{AB4EB6A9-4163-46F9-B3A2-F7C8901F8054}.Debug|Mixed Platforms.Build.0 = Debug|Any CPU
		{AB4EB6A9-4163-46F9-B3A2-F7C8901F8054}.Debug|x86.ActiveCfg = Debug|Any CPU
		{AB4EB6A9-4163-46F9-B3A2-F7C8901F8054}.Release|Any CPU.ActiveCfg = Release|Any CPU
		{AB4EB6A9-4163-46F9-B3A2-F7C8901F8054}.Release|Any CPU.Build.0 = Release|Any CPU
		{AB4EB6A9-4163-46F9-B3A2-F7C8901F8054}.Release|Mixed Platforms.ActiveCfg = Release|Any CPU
		{AB4EB6A9-4163-46F9-B3A2-F7C8901F8054}.Release|Mixed Platforms.Build.0 = Release|Any CPU
		{AB4EB6A9-4163-46F9-B3A2-F7C8901F8054}.Release|x86.ActiveCfg = Release|Any CPU
	EndGlobalSection
	GlobalSection(SolutionProperties) = preSolution
		HideSolutionNode = FALSE
	EndGlobalSection
EndGlobal
